
Microsoft Visual Studio Solution File, Format Version 12.00
# Visual Studio Version 17
VisualStudioVersion = 17.4.33213.308
MinimumVisualStudioVersion = 10.0.40219.1
Project("{FAE04EC0-301F-11D3-BF4B-00C04F79EFBC}") = "PMS_EFCodeFirst", "PMS_EFCodeFirst\PMS_EFCodeFirst.csproj", "{114CD8A0-FCD1-4D57-9F8A-3B921400635D}"
EndProject
Global
	GlobalSection(SolutionConfigurationPlatforms) = preSolution
		Debug|Any CPU = Debug|Any CPU
		Release|Any CPU = Release|Any CPU
	EndGlobalSection
	GlobalSection(ProjectConfigurationPlatforms) = postSolution
		{114CD8A0-FCD1-4D57-9F8A-3B921400635D}.Debug|Any CPU.ActiveCfg = Debug|Any CPU
		{114CD8A0-FCD1-4D57-9F8A-3B921400635D}.Debug|Any CPU.Build.0 = Debug|Any CPU
		{114CD8A0-FCD1-4D57-9F8A-3B921400635D}.Release|Any CPU.ActiveCfg = Release|Any CPU
		{114CD8A0-FCD1-4D57-9F8A-3B921400635D}.Release|Any CPU.Build.0 = Release|Any CPU
	EndGlobalSection
	GlobalSection(SolutionProperties) = preSolution
		HideSolutionNode = FALSE
	EndGlobalSection
	GlobalSection(ExtensibilityGlobals) = postSolution
		SolutionGuid = {D19FE9BB-77A0-43FB-A2C2-C0E53EF3FEAE}
	EndGlobalSection
EndGlobal
