
Microsoft Visual Studio Solution File, Format Version 12.00
# Visual Studio Version 17
VisualStudioVersion = 17.4.33213.308
MinimumVisualStudioVersion = 10.0.40219.1
Project("{FAE04EC0-301F-11D3-BF4B-00C04F79EFBC}") = "LabTask2_FormSubmission", "LabTask2_FormSubmission\LabTask2_FormSubmission.csproj", "{54448395-7DD8-4A86-BF76-A0CB3E45FBAA}"
EndProject
Global
	GlobalSection(SolutionConfigurationPlatforms) = preSolution
		Debug|Any CPU = Debug|Any CPU
		Release|Any CPU = Release|Any CPU
	EndGlobalSection
	GlobalSection(ProjectConfigurationPlatforms) = postSolution
		{54448395-7DD8-4A86-BF76-A0CB3E45FBAA}.Debug|Any CPU.ActiveCfg = Debug|Any CPU
		{54448395-7DD8-4A86-BF76-A0CB3E45FBAA}.Debug|Any CPU.Build.0 = Debug|Any CPU
		{54448395-7DD8-4A86-BF76-A0CB3E45FBAA}.Release|Any CPU.ActiveCfg = Release|Any CPU
		{54448395-7DD8-4A86-BF76-A0CB3E45FBAA}.Release|Any CPU.Build.0 = Release|Any CPU
	EndGlobalSection
	GlobalSection(SolutionProperties) = preSolution
		HideSolutionNode = FALSE
	EndGlobalSection
	GlobalSection(ExtensibilityGlobals) = postSolution
		SolutionGuid = {BCF59CC5-E24A-4BF9-AD32-3080FE4883DE}
	EndGlobalSection
EndGlobal
