
Microsoft Visual Studio Solution File, Format Version 12.00
# Visual Studio Version 17
VisualStudioVersion = 17.4.33213.308
MinimumVisualStudioVersion = 10.0.40219.1
Project("{FAE04EC0-301F-11D3-BF4B-00C04F79EFBC}") = "API_AppLayer", "API_AppLayer\API_AppLayer.csproj", "{F6F14F83-75A3-4A3A-91B6-8F1FCEF7292F}"
EndProject
Project("{FAE04EC0-301F-11D3-BF4B-00C04F79EFBC}") = "BLL", "BLL\BLL.csproj", "{A5A8784A-DD90-4D4E-841F-526A08FB3E45}"
EndProject
Project("{FAE04EC0-301F-11D3-BF4B-00C04F79EFBC}") = "DAL", "DAL\DAL.csproj", "{775FD37D-94AB-4CD2-AC53-9526436FDD9F}"
EndProject
Global
	GlobalSection(SolutionConfigurationPlatforms) = preSolution
		Debug|Any CPU = Debug|Any CPU
		Release|Any CPU = Release|Any CPU
	EndGlobalSection
	GlobalSection(ProjectConfigurationPlatforms) = postSolution
		{F6F14F83-75A3-4A3A-91B6-8F1FCEF7292F}.Debug|Any CPU.ActiveCfg = Debug|Any CPU
		{F6F14F83-75A3-4A3A-91B6-8F1FCEF7292F}.Debug|Any CPU.Build.0 = Debug|Any CPU
		{F6F14F83-75A3-4A3A-91B6-8F1FCEF7292F}.Release|Any CPU.ActiveCfg = Release|Any CPU
		{F6F14F83-75A3-4A3A-91B6-8F1FCEF7292F}.Release|Any CPU.Build.0 = Release|Any CPU
		{A5A8784A-DD90-4D4E-841F-526A08FB3E45}.Debug|Any CPU.ActiveCfg = Debug|Any CPU
		{A5A8784A-DD90-4D4E-841F-526A08FB3E45}.Debug|Any CPU.Build.0 = Debug|Any CPU
		{A5A8784A-DD90-4D4E-841F-526A08FB3E45}.Release|Any CPU.ActiveCfg = Release|Any CPU
		{A5A8784A-DD90-4D4E-841F-526A08FB3E45}.Release|Any CPU.Build.0 = Release|Any CPU
		{775FD37D-94AB-4CD2-AC53-9526436FDD9F}.Debug|Any CPU.ActiveCfg = Debug|Any CPU
		{775FD37D-94AB-4CD2-AC53-9526436FDD9F}.Debug|Any CPU.Build.0 = Debug|Any CPU
		{775FD37D-94AB-4CD2-AC53-9526436FDD9F}.Release|Any CPU.ActiveCfg = Release|Any CPU
		{775FD37D-94AB-4CD2-AC53-9526436FDD9F}.Release|Any CPU.Build.0 = Release|Any CPU
	EndGlobalSection
	GlobalSection(SolutionProperties) = preSolution
		HideSolutionNode = FALSE
	EndGlobalSection
	GlobalSection(ExtensibilityGlobals) = postSolution
		SolutionGuid = {4F9CA287-5E41-453B-BE11-765BD71A998C}
	EndGlobalSection
EndGlobal
