
Microsoft Visual Studio Solution File, Format Version 12.00
# Visual Studio Version 17
VisualStudioVersion = 17.4.33213.308
MinimumVisualStudioVersion = 10.0.40219.1
Project("{FAE04EC0-301F-11D3-BF4B-00C04F79EFBC}") = "LabTask_DB", "LabTask_DB\LabTask_DB.csproj", "{C0244539-AC1A-4F54-958A-586FAFA95F48}"
EndProject
Global
	GlobalSection(SolutionConfigurationPlatforms) = preSolution
		Debug|Any CPU = Debug|Any CPU
		Release|Any CPU = Release|Any CPU
	EndGlobalSection
	GlobalSection(ProjectConfigurationPlatforms) = postSolution
		{C0244539-AC1A-4F54-958A-586FAFA95F48}.Debug|Any CPU.ActiveCfg = Debug|Any CPU
		{C0244539-AC1A-4F54-958A-586FAFA95F48}.Debug|Any CPU.Build.0 = Debug|Any CPU
		{C0244539-AC1A-4F54-958A-586FAFA95F48}.Release|Any CPU.ActiveCfg = Release|Any CPU
		{C0244539-AC1A-4F54-958A-586FAFA95F48}.Release|Any CPU.Build.0 = Release|Any CPU
	EndGlobalSection
	GlobalSection(SolutionProperties) = preSolution
		HideSolutionNode = FALSE
	EndGlobalSection
	GlobalSection(ExtensibilityGlobals) = postSolution
		SolutionGuid = {AE004C4E-35F7-4695-AAD6-E5ADA10B0FF3}
	EndGlobalSection
EndGlobal
