
Microsoft Visual Studio Solution File, Format Version 12.00
# Visual Studio Version 17
VisualStudioVersion = 17.4.33213.308
MinimumVisualStudioVersion = 10.0.40219.1
Project("{FAE04EC0-301F-11D3-BF4B-00C04F79EFBC}") = "FirstMVC", "FirstMVC\FirstMVC.csproj", "{4D6ECB1B-5F7C-42D5-80E0-7966228FDC5E}"
EndProject
Global
	GlobalSection(SolutionConfigurationPlatforms) = preSolution
		Debug|Any CPU = Debug|Any CPU
		Release|Any CPU = Release|Any CPU
	EndGlobalSection
	GlobalSection(ProjectConfigurationPlatforms) = postSolution
		{4D6ECB1B-5F7C-42D5-80E0-7966228FDC5E}.Debug|Any CPU.ActiveCfg = Debug|Any CPU
		{4D6ECB1B-5F7C-42D5-80E0-7966228FDC5E}.Debug|Any CPU.Build.0 = Debug|Any CPU
		{4D6ECB1B-5F7C-42D5-80E0-7966228FDC5E}.Release|Any CPU.ActiveCfg = Release|Any CPU
		{4D6ECB1B-5F7C-42D5-80E0-7966228FDC5E}.Release|Any CPU.Build.0 = Release|Any CPU
	EndGlobalSection
	GlobalSection(SolutionProperties) = preSolution
		HideSolutionNode = FALSE
	EndGlobalSection
	GlobalSection(ExtensibilityGlobals) = postSolution
		SolutionGuid = {0394B3DC-170F-4A3C-8788-0AEFE6EFCC8B}
	EndGlobalSection
EndGlobal
