
Microsoft Visual Studio Solution File, Format Version 12.00
# Visual Studio Version 17
VisualStudioVersion = 17.4.33213.308
MinimumVisualStudioVersion = 10.0.40219.1
Project("{FAE04EC0-301F-11D3-BF4B-00C04F79EFBC}") = "EF_DBDiagrams", "EF_DBDiagrams\EF_DBDiagrams.csproj", "{A3755E3B-26AF-4D0A-805A-C1902F7464F7}"
EndProject
Global
	GlobalSection(SolutionConfigurationPlatforms) = preSolution
		Debug|Any CPU = Debug|Any CPU
		Release|Any CPU = Release|Any CPU
	EndGlobalSection
	GlobalSection(ProjectConfigurationPlatforms) = postSolution
		{A3755E3B-26AF-4D0A-805A-C1902F7464F7}.Debug|Any CPU.ActiveCfg = Debug|Any CPU
		{A3755E3B-26AF-4D0A-805A-C1902F7464F7}.Debug|Any CPU.Build.0 = Debug|Any CPU
		{A3755E3B-26AF-4D0A-805A-C1902F7464F7}.Release|Any CPU.ActiveCfg = Release|Any CPU
		{A3755E3B-26AF-4D0A-805A-C1902F7464F7}.Release|Any CPU.Build.0 = Release|Any CPU
	EndGlobalSection
	GlobalSection(SolutionProperties) = preSolution
		HideSolutionNode = FALSE
	EndGlobalSection
	GlobalSection(ExtensibilityGlobals) = postSolution
		SolutionGuid = {AD0B677B-4C21-4CDF-8D40-7C13C716BEF2}
	EndGlobalSection
EndGlobal
