
Microsoft Visual Studio Solution File, Format Version 12.00
# Visual Studio Version 17
VisualStudioVersion = 17.4.33213.308
MinimumVisualStudioVersion = 10.0.40219.1
Project("{FAE04EC0-301F-11D3-BF4B-00C04F79EFBC}") = "FormValidation", "FormValidation\FormValidation.csproj", "{CEBF07CF-E6BA-49C3-BA11-0E99AD658C99}"
EndProject
Global
	GlobalSection(SolutionConfigurationPlatforms) = preSolution
		Debug|Any CPU = Debug|Any CPU
		Release|Any CPU = Release|Any CPU
	EndGlobalSection
	GlobalSection(ProjectConfigurationPlatforms) = postSolution
		{CEBF07CF-E6BA-49C3-BA11-0E99AD658C99}.Debug|Any CPU.ActiveCfg = Debug|Any CPU
		{CEBF07CF-E6BA-49C3-BA11-0E99AD658C99}.Debug|Any CPU.Build.0 = Debug|Any CPU
		{CEBF07CF-E6BA-49C3-BA11-0E99AD658C99}.Release|Any CPU.ActiveCfg = Release|Any CPU
		{CEBF07CF-E6BA-49C3-BA11-0E99AD658C99}.Release|Any CPU.Build.0 = Release|Any CPU
	EndGlobalSection
	GlobalSection(SolutionProperties) = preSolution
		HideSolutionNode = FALSE
	EndGlobalSection
	GlobalSection(ExtensibilityGlobals) = postSolution
		SolutionGuid = {88015E9D-0957-4781-A6FC-74CFFB8561ED}
	EndGlobalSection
EndGlobal
