
Microsoft Visual Studio Solution File, Format Version 12.00
# Visual Studio Version 17
VisualStudioVersion = 17.4.33213.308
MinimumVisualStudioVersion = 10.0.40219.1
Project("{FAE04EC0-301F-11D3-BF4B-00C04F79EFBC}") = "Lab2", "Lab2\Lab2.csproj", "{187C0C76-E5C8-466E-A841-ED54FFE4928B}"
EndProject
Global
	GlobalSection(SolutionConfigurationPlatforms) = preSolution
		Debug|Any CPU = Debug|Any CPU
		Release|Any CPU = Release|Any CPU
	EndGlobalSection
	GlobalSection(ProjectConfigurationPlatforms) = postSolution
		{187C0C76-E5C8-466E-A841-ED54FFE4928B}.Debug|Any CPU.ActiveCfg = Debug|Any CPU
		{187C0C76-E5C8-466E-A841-ED54FFE4928B}.Debug|Any CPU.Build.0 = Debug|Any CPU
		{187C0C76-E5C8-466E-A841-ED54FFE4928B}.Release|Any CPU.ActiveCfg = Release|Any CPU
		{187C0C76-E5C8-466E-A841-ED54FFE4928B}.Release|Any CPU.Build.0 = Release|Any CPU
	EndGlobalSection
	GlobalSection(SolutionProperties) = preSolution
		HideSolutionNode = FALSE
	EndGlobalSection
	GlobalSection(ExtensibilityGlobals) = postSolution
		SolutionGuid = {592E235F-2467-4A9F-8BB1-FB652FD324BB}
	EndGlobalSection
EndGlobal
