
Microsoft Visual Studio Solution File, Format Version 12.00
# Visual Studio Version 17
VisualStudioVersion = 17.4.33213.308
MinimumVisualStudioVersion = 10.0.40219.1
Project("{FAE04EC0-301F-11D3-BF4B-00C04F79EFBC}") = "DataPassingLayout", "DataPassingLayout\DataPassingLayout.csproj", "{B822CF22-6A14-4706-9C35-2905B812944E}"
EndProject
Global
	GlobalSection(SolutionConfigurationPlatforms) = preSolution
		Debug|Any CPU = Debug|Any CPU
		Release|Any CPU = Release|Any CPU
	EndGlobalSection
	GlobalSection(ProjectConfigurationPlatforms) = postSolution
		{B822CF22-6A14-4706-9C35-2905B812944E}.Debug|Any CPU.ActiveCfg = Debug|Any CPU
		{B822CF22-6A14-4706-9C35-2905B812944E}.Debug|Any CPU.Build.0 = Debug|Any CPU
		{B822CF22-6A14-4706-9C35-2905B812944E}.Release|Any CPU.ActiveCfg = Release|Any CPU
		{B822CF22-6A14-4706-9C35-2905B812944E}.Release|Any CPU.Build.0 = Release|Any CPU
	EndGlobalSection
	GlobalSection(SolutionProperties) = preSolution
		HideSolutionNode = FALSE
	EndGlobalSection
	GlobalSection(ExtensibilityGlobals) = postSolution
		SolutionGuid = {DCB92FF0-6505-46D2-88DD-368EA84F3F18}
	EndGlobalSection
EndGlobal
